
Microsoft Visual Studio Solution File, Format Version 12.00
# Visual Studio Version 16
VisualStudioVersion = 16.0.28803.202
MinimumVisualStudioVersion = 10.0.40219.1
Project("{FAE04EC0-301F-11D3-BF4B-00C04F79EFBC}") = "FillingDataUniversityDB", "FillingDataUniversityDB.csproj", "{6CF64963-31A3-4C6B-8BF8-B3E6C8996E9B}"
EndProject
Global
	GlobalSection(SolutionConfigurationPlatforms) = preSolution
		Debug|Any CPU = Debug|Any CPU
		Release|Any CPU = Release|Any CPU
	EndGlobalSection
	GlobalSection(ProjectConfigurationPlatforms) = postSolution
		{6CF64963-31A3-4C6B-8BF8-B3E6C8996E9B}.Debug|Any CPU.ActiveCfg = Debug|Any CPU
		{6CF64963-31A3-4C6B-8BF8-B3E6C8996E9B}.Debug|Any CPU.Build.0 = Debug|Any CPU
		{6CF64963-31A3-4C6B-8BF8-B3E6C8996E9B}.Release|Any CPU.ActiveCfg = Release|Any CPU
		{6CF64963-31A3-4C6B-8BF8-B3E6C8996E9B}.Release|Any CPU.Build.0 = Release|Any CPU
	EndGlobalSection
	GlobalSection(SolutionProperties) = preSolution
		HideSolutionNode = FALSE
	EndGlobalSection
	GlobalSection(ExtensibilityGlobals) = postSolution
		SolutionGuid = {D9E36AF7-3FEF-40AD-A913-7FBD492C72F5}
	EndGlobalSection
EndGlobal
